
Microsoft Visual Studio Solution File, Format Version 12.00
# Visual Studio 15
VisualStudioVersion = 15.0.27004.2005
MinimumVisualStudioVersion = 10.0.40219.1
Project("{FAE04EC0-301F-11D3-BF4B-00C04F79EFBC}") = "AssignmentNo22", "AssignmentNo22\AssignmentNo22.csproj", "{59AD2F2A-AB69-4B08-9FCC-2DEEAC266155}"
EndProject
Global
	GlobalSection(SolutionConfigurationPlatforms) = preSolution
		Debug|Any CPU = Debug|Any CPU
		Release|Any CPU = Release|Any CPU
	EndGlobalSection
	GlobalSection(ProjectConfigurationPlatforms) = postSolution
		{59AD2F2A-AB69-4B08-9FCC-2DEEAC266155}.Debug|Any CPU.ActiveCfg = Debug|Any CPU
		{59AD2F2A-AB69-4B08-9FCC-2DEEAC266155}.Debug|Any CPU.Build.0 = Debug|Any CPU
		{59AD2F2A-AB69-4B08-9FCC-2DEEAC266155}.Release|Any CPU.ActiveCfg = Release|Any CPU
		{59AD2F2A-AB69-4B08-9FCC-2DEEAC266155}.Release|Any CPU.Build.0 = Release|Any CPU
	EndGlobalSection
	GlobalSection(SolutionProperties) = preSolution
		HideSolutionNode = FALSE
	EndGlobalSection
	GlobalSection(ExtensibilityGlobals) = postSolution
		SolutionGuid = {7EDDFACA-CD8C-4483-9EFD-1FB6C232BB37}
	EndGlobalSection
EndGlobal
